
Microsoft Visual Studio Solution File, Format Version 12.00
# Visual Studio 15
VisualStudioVersion = 15.0.27428.2005
MinimumVisualStudioVersion = 10.0.40219.1
Project("{9092AA53-FB77-4645-B42D-1CCCA6BD08BD}") = "test_ts", "test_ts\test_ts.njsproj", "{A3BAB5FC-040F-4439-89F6-98844EC113BB}"
EndProject
Global
	GlobalSection(SolutionConfigurationPlatforms) = preSolution
		Debug|Any CPU = Debug|Any CPU
		Release|Any CPU = Release|Any CPU
	EndGlobalSection
	GlobalSection(ProjectConfigurationPlatforms) = postSolution
		{A3BAB5FC-040F-4439-89F6-98844EC113BB}.Debug|Any CPU.ActiveCfg = Debug|Any CPU
		{A3BAB5FC-040F-4439-89F6-98844EC113BB}.Debug|Any CPU.Build.0 = Debug|Any CPU
		{A3BAB5FC-040F-4439-89F6-98844EC113BB}.Release|Any CPU.ActiveCfg = Release|Any CPU
		{A3BAB5FC-040F-4439-89F6-98844EC113BB}.Release|Any CPU.Build.0 = Release|Any CPU
	EndGlobalSection
	GlobalSection(SolutionProperties) = preSolution
		HideSolutionNode = FALSE
	EndGlobalSection
	GlobalSection(ExtensibilityGlobals) = postSolution
		SolutionGuid = {23C74CB3-7325-4F85-86C8-2FE2F5AC8F6A}
	EndGlobalSection
EndGlobal
